
Microsoft Visual Studio Solution File, Format Version 12.00
# Visual Studio 15
VisualStudioVersion = 15.0.27130.2020
MinimumVisualStudioVersion = 10.0.40219.1
Project("{2150E333-8FDC-42A3-9474-1A3956D46DE8}") = "NotSoGreatWay", "NotSoGreatWay", "{B2A50DBA-B035-4665-BA62-E30EFEFD6498}"
EndProject
Project("{2150E333-8FDC-42A3-9474-1A3956D46DE8}") = "BetterWay", "BetterWay", "{DD10A135-0E82-4A4F-BCD3-54DDD82F7335}"
EndProject
Project("{FAE04EC0-301F-11D3-BF4B-00C04F79EFBC}") = "NotSoGreatWay", "NotSoGreatWay\NotSoGreatWay.csproj", "{51BA1CB7-9435-4828-8DC4-7EA7C0B9B445}"
EndProject
Project("{2150E333-8FDC-42A3-9474-1A3956D46DE8}") = "FirstPass", "FirstPass", "{CCE178F6-5B41-4930-BFE0-4900294AE16C}"
EndProject
Project("{2150E333-8FDC-42A3-9474-1A3956D46DE8}") = "SecondPAss", "SecondPAss", "{3E847EC4-DDE7-409B-8998-BDB5CB1DA478}"
EndProject
Project("{FAE04EC0-301F-11D3-BF4B-00C04F79EFBC}") = "BetterWay", "BetterWay\BetterWay.csproj", "{9A60620C-6AFA-442E-9241-912CEF601E41}"
EndProject
Project("{FAE04EC0-301F-11D3-BF4B-00C04F79EFBC}") = "AnotherBetterWay", "AnotherBetterWay\AnotherBetterWay.csproj", "{8DEBC4C3-A2B6-4A61-ABC7-023A48EFA4EE}"
EndProject
Project("{2150E333-8FDC-42A3-9474-1A3956D46DE8}") = "ThidPass", "ThidPass", "{EDC5CD64-BCB7-4D87-B57D-4401DF6B4A5B}"
EndProject
Project("{FAE04EC0-301F-11D3-BF4B-00C04F79EFBC}") = "FineTuning", "FineTuning\FineTuning.csproj", "{5836E559-CEC5-42B8-B8EE-651DBD2A8EBA}"
EndProject
Project("{FAE04EC0-301F-11D3-BF4B-00C04F79EFBC}") = "DirectoryFileParser", "DirectoryFileParser\DirectoryFileParser.csproj", "{C64AA9D1-319B-4FA4-B4F3-0BC2C7BDED43}"
EndProject
Project("{FAE04EC0-301F-11D3-BF4B-00C04F79EFBC}") = "ScriptExecutor", "ScriptExecutor\ScriptExecutor.csproj", "{B5E7358D-8E83-46A7-89D6-3BE08B3660DE}"
EndProject
Global
	GlobalSection(SolutionConfigurationPlatforms) = preSolution
		Debug|Any CPU = Debug|Any CPU
		Release|Any CPU = Release|Any CPU
	EndGlobalSection
	GlobalSection(ProjectConfigurationPlatforms) = postSolution
		{51BA1CB7-9435-4828-8DC4-7EA7C0B9B445}.Debug|Any CPU.ActiveCfg = Debug|Any CPU
		{51BA1CB7-9435-4828-8DC4-7EA7C0B9B445}.Debug|Any CPU.Build.0 = Debug|Any CPU
		{51BA1CB7-9435-4828-8DC4-7EA7C0B9B445}.Release|Any CPU.ActiveCfg = Release|Any CPU
		{51BA1CB7-9435-4828-8DC4-7EA7C0B9B445}.Release|Any CPU.Build.0 = Release|Any CPU
		{9A60620C-6AFA-442E-9241-912CEF601E41}.Debug|Any CPU.ActiveCfg = Debug|Any CPU
		{9A60620C-6AFA-442E-9241-912CEF601E41}.Debug|Any CPU.Build.0 = Debug|Any CPU
		{9A60620C-6AFA-442E-9241-912CEF601E41}.Release|Any CPU.ActiveCfg = Release|Any CPU
		{9A60620C-6AFA-442E-9241-912CEF601E41}.Release|Any CPU.Build.0 = Release|Any CPU
		{8DEBC4C3-A2B6-4A61-ABC7-023A48EFA4EE}.Debug|Any CPU.ActiveCfg = Debug|Any CPU
		{8DEBC4C3-A2B6-4A61-ABC7-023A48EFA4EE}.Debug|Any CPU.Build.0 = Debug|Any CPU
		{8DEBC4C3-A2B6-4A61-ABC7-023A48EFA4EE}.Release|Any CPU.ActiveCfg = Release|Any CPU
		{8DEBC4C3-A2B6-4A61-ABC7-023A48EFA4EE}.Release|Any CPU.Build.0 = Release|Any CPU
		{5836E559-CEC5-42B8-B8EE-651DBD2A8EBA}.Debug|Any CPU.ActiveCfg = Debug|Any CPU
		{5836E559-CEC5-42B8-B8EE-651DBD2A8EBA}.Debug|Any CPU.Build.0 = Debug|Any CPU
		{5836E559-CEC5-42B8-B8EE-651DBD2A8EBA}.Release|Any CPU.ActiveCfg = Release|Any CPU
		{5836E559-CEC5-42B8-B8EE-651DBD2A8EBA}.Release|Any CPU.Build.0 = Release|Any CPU
		{C64AA9D1-319B-4FA4-B4F3-0BC2C7BDED43}.Debug|Any CPU.ActiveCfg = Debug|Any CPU
		{C64AA9D1-319B-4FA4-B4F3-0BC2C7BDED43}.Debug|Any CPU.Build.0 = Debug|Any CPU
		{C64AA9D1-319B-4FA4-B4F3-0BC2C7BDED43}.Release|Any CPU.ActiveCfg = Release|Any CPU
		{C64AA9D1-319B-4FA4-B4F3-0BC2C7BDED43}.Release|Any CPU.Build.0 = Release|Any CPU
		{B5E7358D-8E83-46A7-89D6-3BE08B3660DE}.Debug|Any CPU.ActiveCfg = Debug|Any CPU
		{B5E7358D-8E83-46A7-89D6-3BE08B3660DE}.Debug|Any CPU.Build.0 = Debug|Any CPU
		{B5E7358D-8E83-46A7-89D6-3BE08B3660DE}.Release|Any CPU.ActiveCfg = Release|Any CPU
		{B5E7358D-8E83-46A7-89D6-3BE08B3660DE}.Release|Any CPU.Build.0 = Release|Any CPU
	EndGlobalSection
	GlobalSection(SolutionProperties) = preSolution
		HideSolutionNode = FALSE
	EndGlobalSection
	GlobalSection(NestedProjects) = preSolution
		{51BA1CB7-9435-4828-8DC4-7EA7C0B9B445} = {B2A50DBA-B035-4665-BA62-E30EFEFD6498}
		{CCE178F6-5B41-4930-BFE0-4900294AE16C} = {DD10A135-0E82-4A4F-BCD3-54DDD82F7335}
		{3E847EC4-DDE7-409B-8998-BDB5CB1DA478} = {DD10A135-0E82-4A4F-BCD3-54DDD82F7335}
		{9A60620C-6AFA-442E-9241-912CEF601E41} = {CCE178F6-5B41-4930-BFE0-4900294AE16C}
		{8DEBC4C3-A2B6-4A61-ABC7-023A48EFA4EE} = {3E847EC4-DDE7-409B-8998-BDB5CB1DA478}
		{EDC5CD64-BCB7-4D87-B57D-4401DF6B4A5B} = {DD10A135-0E82-4A4F-BCD3-54DDD82F7335}
		{5836E559-CEC5-42B8-B8EE-651DBD2A8EBA} = {EDC5CD64-BCB7-4D87-B57D-4401DF6B4A5B}
		{C64AA9D1-319B-4FA4-B4F3-0BC2C7BDED43} = {EDC5CD64-BCB7-4D87-B57D-4401DF6B4A5B}
		{B5E7358D-8E83-46A7-89D6-3BE08B3660DE} = {EDC5CD64-BCB7-4D87-B57D-4401DF6B4A5B}
	EndGlobalSection
	GlobalSection(ExtensibilityGlobals) = postSolution
		SolutionGuid = {CFA636F6-00BE-42F7-9F38-9DC242BBD3A1}
	EndGlobalSection
EndGlobal
